
Microsoft Visual Studio Solution File, Format Version 12.00
# Visual Studio Version 16
VisualStudioVersion = 16.0.30011.22
MinimumVisualStudioVersion = 15.0.26124.0
Project("{9A19103F-16F7-4668-BE54-9A1E7A4F7556}") = "Puissance4.Tests", "Puissance4.Tests\Puissance4.Tests.csproj", "{7BE67916-110F-41C6-8E9A-3DC888E0EC6B}"
EndProject
Project("{9A19103F-16F7-4668-BE54-9A1E7A4F7556}") = "puissance4-src", "puissance4.src\puissance4-src.csproj", "{1BF21FAD-DFC9-4891-B7EE-C62625BADC84}"
EndProject
Global
	GlobalSection(SolutionConfigurationPlatforms) = preSolution
		Debug|Any CPU = Debug|Any CPU
		Debug|x64 = Debug|x64
		Debug|x86 = Debug|x86
		Release|Any CPU = Release|Any CPU
		Release|x64 = Release|x64
		Release|x86 = Release|x86
	EndGlobalSection
	GlobalSection(ProjectConfigurationPlatforms) = postSolution
		{7BE67916-110F-41C6-8E9A-3DC888E0EC6B}.Debug|Any CPU.ActiveCfg = Debug|Any CPU
		{7BE67916-110F-41C6-8E9A-3DC888E0EC6B}.Debug|Any CPU.Build.0 = Debug|Any CPU
		{7BE67916-110F-41C6-8E9A-3DC888E0EC6B}.Debug|x64.ActiveCfg = Debug|Any CPU
		{7BE67916-110F-41C6-8E9A-3DC888E0EC6B}.Debug|x64.Build.0 = Debug|Any CPU
		{7BE67916-110F-41C6-8E9A-3DC888E0EC6B}.Debug|x86.ActiveCfg = Debug|Any CPU
		{7BE67916-110F-41C6-8E9A-3DC888E0EC6B}.Debug|x86.Build.0 = Debug|Any CPU
		{7BE67916-110F-41C6-8E9A-3DC888E0EC6B}.Release|Any CPU.ActiveCfg = Release|Any CPU
		{7BE67916-110F-41C6-8E9A-3DC888E0EC6B}.Release|Any CPU.Build.0 = Release|Any CPU
		{7BE67916-110F-41C6-8E9A-3DC888E0EC6B}.Release|x64.ActiveCfg = Release|Any CPU
		{7BE67916-110F-41C6-8E9A-3DC888E0EC6B}.Release|x64.Build.0 = Release|Any CPU
		{7BE67916-110F-41C6-8E9A-3DC888E0EC6B}.Release|x86.ActiveCfg = Release|Any CPU
		{7BE67916-110F-41C6-8E9A-3DC888E0EC6B}.Release|x86.Build.0 = Release|Any CPU
		{1BF21FAD-DFC9-4891-B7EE-C62625BADC84}.Debug|Any CPU.ActiveCfg = Debug|Any CPU
		{1BF21FAD-DFC9-4891-B7EE-C62625BADC84}.Debug|Any CPU.Build.0 = Debug|Any CPU
		{1BF21FAD-DFC9-4891-B7EE-C62625BADC84}.Debug|x64.ActiveCfg = Debug|Any CPU
		{1BF21FAD-DFC9-4891-B7EE-C62625BADC84}.Debug|x64.Build.0 = Debug|Any CPU
		{1BF21FAD-DFC9-4891-B7EE-C62625BADC84}.Debug|x86.ActiveCfg = Debug|Any CPU
		{1BF21FAD-DFC9-4891-B7EE-C62625BADC84}.Debug|x86.Build.0 = Debug|Any CPU
		{1BF21FAD-DFC9-4891-B7EE-C62625BADC84}.Release|Any CPU.ActiveCfg = Release|Any CPU
		{1BF21FAD-DFC9-4891-B7EE-C62625BADC84}.Release|Any CPU.Build.0 = Release|Any CPU
		{1BF21FAD-DFC9-4891-B7EE-C62625BADC84}.Release|x64.ActiveCfg = Release|Any CPU
		{1BF21FAD-DFC9-4891-B7EE-C62625BADC84}.Release|x64.Build.0 = Release|Any CPU
		{1BF21FAD-DFC9-4891-B7EE-C62625BADC84}.Release|x86.ActiveCfg = Release|Any CPU
		{1BF21FAD-DFC9-4891-B7EE-C62625BADC84}.Release|x86.Build.0 = Release|Any CPU
	EndGlobalSection
	GlobalSection(SolutionProperties) = preSolution
		HideSolutionNode = FALSE
	EndGlobalSection
	GlobalSection(ExtensibilityGlobals) = postSolution
		SolutionGuid = {91301387-7322-47CD-851A-08BCC833E501}
	EndGlobalSection
EndGlobal
